// !$*UTF8*$!
{
	archiveVersion = 1;
	classes = {
	};
	objectVersion = 46;
	objects = {

/* Begin PBXBuildFile section */
		80DED097152C8BB200E44862 /* Foundation.framework in Frameworks */ = {isa = PBXBuildFile; fileRef = 80DED096152C8BB200E44862 /* Foundation.framework */; };
		80DED099152C8BB200E44862 /* UIKit.framework in Frameworks */ = {isa = PBXBuildFile; fileRef = 80DED098152C8BB200E44862 /* UIKit.framework */; };
		80DED09B152C8BB200E44862 /* CoreGraphics.framework in Frameworks */ = {isa = PBXBuildFile; fileRef = 80DED09A152C8BB200E44862 /* CoreGraphics.framework */; };
		80DED09D152C8BB200E44862 /* AddressBook.framework in Frameworks */ = {isa = PBXBuildFile; fileRef = 80DED09C152C8BB200E44862 /* AddressBook.framework */; };
		80DED09F152C8BB200E44862 /* AddressBookUI.framework in Frameworks */ = {isa = PBXBuildFile; fileRef = 80DED09E152C8BB200E44862 /* AddressBookUI.framework */; };
		80DED0A1152C8BB200E44862 /* AudioToolbox.framework in Frameworks */ = {isa = PBXBuildFile; fileRef = 80DED0A0152C8BB200E44862 /* AudioToolbox.framework */; };
		80DED0A3152C8BB200E44862 /* AVFoundation.framework in Frameworks */ = {isa = PBXBuildFile; fileRef = 80DED0A2152C8BB200E44862 /* AVFoundation.framework */; };
		80DED0A5152C8BB200E44862 /* CoreLocation.framework in Frameworks */ = {isa = PBXBuildFile; fileRef = 80DED0A4152C8BB200E44862 /* CoreLocation.framework */; };
		80DED0A7152C8BB200E44862 /* MediaPlayer.framework in Frameworks */ = {isa = PBXBuildFile; fileRef = 80DED0A6152C8BB200E44862 /* MediaPlayer.framework */; };
		80DED0A9152C8BB200E44862 /* QuartzCore.framework in Frameworks */ = {isa = PBXBuildFile; fileRef = 80DED0A8152C8BB200E44862 /* QuartzCore.framework */; };
		80DED0AB152C8BB200E44862 /* SystemConfiguration.framework in Frameworks */ = {isa = PBXBuildFile; fileRef = 80DED0AA152C8BB200E44862 /* SystemConfiguration.framework */; };
		80DED0AD152C8BB200E44862 /* MobileCoreServices.framework in Frameworks */ = {isa = PBXBuildFile; fileRef = 80DED0AC152C8BB200E44862 /* MobileCoreServices.framework */; };
		80DED0AF152C8BB200E44862 /* CoreMedia.framework in Frameworks */ = {isa = PBXBuildFile; fileRef = 80DED0AE152C8BB200E44862 /* CoreMedia.framework */; };
		80DED0B5152C8BB200E44862 /* InfoPlist.strings in Resources */ = {isa = PBXBuildFile; fileRef = 80DED0B3152C8BB200E44862 /* InfoPlist.strings */; };
		80DED0B7152C8BB200E44862 /* main.m in Sources */ = {isa = PBXBuildFile; fileRef = 80DED0B6152C8BB200E44862 /* main.m */; };
		80DED0BA152C8BB200E44862 /* PhoneGap.framework in Frameworks */ = {isa = PBXBuildFile; fileRef = 80DED0B9152C8BB200E44862 /* PhoneGap.framework */; };
		80DED0BF152C8BB200E44862 /* Localizable.strings in Resources */ = {isa = PBXBuildFile; fileRef = 80DED0BD152C8BB200E44862 /* Localizable.strings */; };
		80DED0C3152C8BB200E44862 /* Localizable.strings in Resources */ = {isa = PBXBuildFile; fileRef = 80DED0C1152C8BB200E44862 /* Localizable.strings */; };
		80DED0C6152C8BB200E44862 /* icon.png in Resources */ = {isa = PBXBuildFile; fileRef = 80DED0C5152C8BB200E44862 /* icon.png */; };
		80DED0C8152C8BB200E44862 /* icon@2x.png in Resources */ = {isa = PBXBuildFile; fileRef = 80DED0C7152C8BB200E44862 /* icon@2x.png */; };
		80DED0CA152C8BB200E44862 /* icon-72.png in Resources */ = {isa = PBXBuildFile; fileRef = 80DED0C9152C8BB200E44862 /* icon-72.png */; };
		80DED0CD152C8BB200E44862 /* Default.png in Resources */ = {isa = PBXBuildFile; fileRef = 80DED0CC152C8BB200E44862 /* Default.png */; };
		80DED0CF152C8BB200E44862 /* Default@2x.png in Resources */ = {isa = PBXBuildFile; fileRef = 80DED0CE152C8BB200E44862 /* Default@2x.png */; };
		80DED0D1152C8BB200E44862 /* Capture.bundle in Resources */ = {isa = PBXBuildFile; fileRef = 80DED0D0152C8BB200E44862 /* Capture.bundle */; };
		80DED0D3152C8BB200E44862 /* PhoneGap.plist in Resources */ = {isa = PBXBuildFile; fileRef = 80DED0D2152C8BB200E44862 /* PhoneGap.plist */; };
		80DED0D7152C8BB200E44862 /* AppDelegate.m in Sources */ = {isa = PBXBuildFile; fileRef = 80DED0D6152C8BB200E44862 /* AppDelegate.m */; };
		80DED0DA152C8BB200E44862 /* MainViewController.m in Sources */ = {isa = PBXBuildFile; fileRef = 80DED0D9152C8BB200E44862 /* MainViewController.m */; };
		80DED0DC152C8BB200E44862 /* MainViewController.xib in Resources */ = {isa = PBXBuildFile; fileRef = 80DED0DB152C8BB200E44862 /* MainViewController.xib */; };
		80DED0E5152C8C0600E44862 /* www in Resources */ = {isa = PBXBuildFile; fileRef = 80DED0E4152C8C0600E44862 /* www */; };
/* End PBXBuildFile section */

/* Begin PBXFileReference section */
		80DED092152C8BB200E44862 /* ITFadder.app */ = {isa = PBXFileReference; explicitFileType = wrapper.application; includeInIndex = 0; path = ITFadder.app; sourceTree = BUILT_PRODUCTS_DIR; };
		80DED096152C8BB200E44862 /* Foundation.framework */ = {isa = PBXFileReference; lastKnownFileType = wrapper.framework; name = Foundation.framework; path = System/Library/Frameworks/Foundation.framework; sourceTree = SDKROOT; };
		80DED098152C8BB200E44862 /* UIKit.framework */ = {isa = PBXFileReference; lastKnownFileType = wrapper.framework; name = UIKit.framework; path = System/Library/Frameworks/UIKit.framework; sourceTree = SDKROOT; };
		80DED09A152C8BB200E44862 /* CoreGraphics.framework */ = {isa = PBXFileReference; lastKnownFileType = wrapper.framework; name = CoreGraphics.framework; path = System/Library/Frameworks/CoreGraphics.framework; sourceTree = SDKROOT; };
		80DED09C152C8BB200E44862 /* AddressBook.framework */ = {isa = PBXFileReference; lastKnownFileType = wrapper.framework; name = AddressBook.framework; path = System/Library/Frameworks/AddressBook.framework; sourceTree = SDKROOT; };
		80DED09E152C8BB200E44862 /* AddressBookUI.framework */ = {isa = PBXFileReference; lastKnownFileType = wrapper.framework; name = AddressBookUI.framework; path = System/Library/Frameworks/AddressBookUI.framework; sourceTree = SDKROOT; };
		80DED0A0152C8BB200E44862 /* AudioToolbox.framework */ = {isa = PBXFileReference; lastKnownFileType = wrapper.framework; name = AudioToolbox.framework; path = System/Library/Frameworks/AudioToolbox.framework; sourceTree = SDKROOT; };
		80DED0A2152C8BB200E44862 /* AVFoundation.framework */ = {isa = PBXFileReference; lastKnownFileType = wrapper.framework; name = AVFoundation.framework; path = System/Library/Frameworks/AVFoundation.framework; sourceTree = SDKROOT; };
		80DED0A4152C8BB200E44862 /* CoreLocation.framework */ = {isa = PBXFileReference; lastKnownFileType = wrapper.framework; name = CoreLocation.framework; path = System/Library/Frameworks/CoreLocation.framework; sourceTree = SDKROOT; };
		80DED0A6152C8BB200E44862 /* MediaPlayer.framework */ = {isa = PBXFileReference; lastKnownFileType = wrapper.framework; name = MediaPlayer.framework; path = System/Library/Frameworks/MediaPlayer.framework; sourceTree = SDKROOT; };
		80DED0A8152C8BB200E44862 /* QuartzCore.framework */ = {isa = PBXFileReference; lastKnownFileType = wrapper.framework; name = QuartzCore.framework; path = System/Library/Frameworks/QuartzCore.framework; sourceTree = SDKROOT; };
		80DED0AA152C8BB200E44862 /* SystemConfiguration.framework */ = {isa = PBXFileReference; lastKnownFileType = wrapper.framework; name = SystemConfiguration.framework; path = System/Library/Frameworks/SystemConfiguration.framework; sourceTree = SDKROOT; };
		80DED0AC152C8BB200E44862 /* MobileCoreServices.framework */ = {isa = PBXFileReference; lastKnownFileType = wrapper.framework; name = MobileCoreServices.framework; path = System/Library/Frameworks/MobileCoreServices.framework; sourceTree = SDKROOT; };
		80DED0AE152C8BB200E44862 /* CoreMedia.framework */ = {isa = PBXFileReference; lastKnownFileType = wrapper.framework; name = CoreMedia.framework; path = System/Library/Frameworks/CoreMedia.framework; sourceTree = SDKROOT; };
		80DED0B2152C8BB200E44862 /* ITFadder-Info.plist */ = {isa = PBXFileReference; lastKnownFileType = text.plist.xml; path = "ITFadder-Info.plist"; sourceTree = "<group>"; };
		80DED0B4152C8BB200E44862 /* en */ = {isa = PBXFileReference; lastKnownFileType = text.plist.strings; name = en; path = en.lproj/InfoPlist.strings; sourceTree = "<group>"; };
		80DED0B6152C8BB200E44862 /* main.m */ = {isa = PBXFileReference; lastKnownFileType = sourcecode.c.objc; path = main.m; sourceTree = "<group>"; };
		80DED0B8152C8BB200E44862 /* ITFadder-Prefix.pch */ = {isa = PBXFileReference; lastKnownFileType = sourcecode.c.h; path = "ITFadder-Prefix.pch"; sourceTree = "<group>"; };
		80DED0B9152C8BB200E44862 /* PhoneGap.framework */ = {isa = PBXFileReference; lastKnownFileType = wrapper.framework; name = PhoneGap.framework; path = /Users/Shared/PhoneGap/Frameworks/PhoneGap.framework; sourceTree = "<absolute>"; };
		80DED0BE152C8BB200E44862 /* en */ = {isa = PBXFileReference; lastKnownFileType = text.plist.strings; name = en; path = Resources/en.lproj/Localizable.strings; sourceTree = "<group>"; };
		80DED0C2152C8BB200E44862 /* es */ = {isa = PBXFileReference; lastKnownFileType = text.plist.strings; name = es; path = Resources/es.lproj/Localizable.strings; sourceTree = "<group>"; };
		80DED0C5152C8BB200E44862 /* icon.png */ = {isa = PBXFileReference; lastKnownFileType = image.png; name = icon.png; path = Resources/icons/icon.png; sourceTree = "<group>"; };
		80DED0C7152C8BB200E44862 /* icon@2x.png */ = {isa = PBXFileReference; lastKnownFileType = image.png; name = "icon@2x.png"; path = "Resources/icons/icon@2x.png"; sourceTree = "<group>"; };
		80DED0C9152C8BB200E44862 /* icon-72.png */ = {isa = PBXFileReference; lastKnownFileType = image.png; name = "icon-72.png"; path = "Resources/icons/icon-72.png"; sourceTree = "<group>"; };
		80DED0CC152C8BB200E44862 /* Default.png */ = {isa = PBXFileReference; lastKnownFileType = image.png; name = Default.png; path = Resources/splash/Default.png; sourceTree = "<group>"; };
		80DED0CE152C8BB200E44862 /* Default@2x.png */ = {isa = PBXFileReference; lastKnownFileType = image.png; name = "Default@2x.png"; path = "Resources/splash/Default@2x.png"; sourceTree = "<group>"; };
		80DED0D0152C8BB200E44862 /* Capture.bundle */ = {isa = PBXFileReference; lastKnownFileType = "wrapper.plug-in"; name = Capture.bundle; path = Resources/Capture.bundle; sourceTree = "<group>"; };
		80DED0D2152C8BB200E44862 /* PhoneGap.plist */ = {isa = PBXFileReference; lastKnownFileType = text.plist.xml; path = PhoneGap.plist; sourceTree = "<group>"; };
		80DED0D5152C8BB200E44862 /* AppDelegate.h */ = {isa = PBXFileReference; lastKnownFileType = sourcecode.c.h; name = AppDelegate.h; path = Classes/AppDelegate.h; sourceTree = "<group>"; };
		80DED0D6152C8BB200E44862 /* AppDelegate.m */ = {isa = PBXFileReference; lastKnownFileType = sourcecode.c.objc; name = AppDelegate.m; path = Classes/AppDelegate.m; sourceTree = "<group>"; };
		80DED0D8152C8BB200E44862 /* MainViewController.h */ = {isa = PBXFileReference; lastKnownFileType = sourcecode.c.h; name = MainViewController.h; path = Classes/MainViewController.h; sourceTree = "<group>"; };
		80DED0D9152C8BB200E44862 /* MainViewController.m */ = {isa = PBXFileReference; lastKnownFileType = sourcecode.c.objc; name = MainViewController.m; path = Classes/MainViewController.m; sourceTree = "<group>"; };
		80DED0DB152C8BB200E44862 /* MainViewController.xib */ = {isa = PBXFileReference; lastKnownFileType = file.xib; name = MainViewController.xib; path = Classes/MainViewController.xib; sourceTree = "<group>"; };
		80DED0DE152C8BB200E44862 /* README */ = {isa = PBXFileReference; lastKnownFileType = text; name = README; path = Plugins/README; sourceTree = "<group>"; };
		80DED0E4152C8C0600E44862 /* www */ = {isa = PBXFileReference; lastKnownFileType = folder; name = www; path = ../../www; sourceTree = "<group>"; };
/* End PBXFileReference section */

/* Begin PBXFrameworksBuildPhase section */
		80DED08C152C8BB200E44862 /* Frameworks */ = {
			isa = PBXFrameworksBuildPhase;
			buildActionMask = 2147483647;
			files = (
				80DED097152C8BB200E44862 /* Foundation.framework in Frameworks */,
				80DED099152C8BB200E44862 /* UIKit.framework in Frameworks */,
				80DED09B152C8BB200E44862 /* CoreGraphics.framework in Frameworks */,
				80DED09D152C8BB200E44862 /* AddressBook.framework in Frameworks */,
				80DED09F152C8BB200E44862 /* AddressBookUI.framework in Frameworks */,
				80DED0A1152C8BB200E44862 /* AudioToolbox.framework in Frameworks */,
				80DED0A3152C8BB200E44862 /* AVFoundation.framework in Frameworks */,
				80DED0A5152C8BB200E44862 /* CoreLocation.framework in Frameworks */,
				80DED0A7152C8BB200E44862 /* MediaPlayer.framework in Frameworks */,
				80DED0A9152C8BB200E44862 /* QuartzCore.framework in Frameworks */,
				80DED0AB152C8BB200E44862 /* SystemConfiguration.framework in Frameworks */,
				80DED0AD152C8BB200E44862 /* MobileCoreServices.framework in Frameworks */,
				80DED0AF152C8BB200E44862 /* CoreMedia.framework in Frameworks */,
				80DED0BA152C8BB200E44862 /* PhoneGap.framework in Frameworks */,
			);
			runOnlyForDeploymentPostprocessing = 0;
		};
		80DED08F152C8BB200E44862 /* Frameworks */ = {
			isa = PBXFrameworksBuildPhase;
			buildActionMask = 2147483647;
			files = (
			);
			runOnlyForDeploymentPostprocessing = 0;
		};
/* End PBXFrameworksBuildPhase section */

/* Begin PBXGroup section */
		80DED084152C8BB200E44862 = {
			isa = PBXGroup;
			children = (
				80DED0E4152C8C0600E44862 /* www */,
				80DED0B0152C8BB200E44862 /* ITFadder */,
				80DED095152C8BB200E44862 /* Frameworks */,
				80DED093152C8BB200E44862 /* Products */,
			);
			sourceTree = "<group>";
		};
		80DED093152C8BB200E44862 /* Products */ = {
			isa = PBXGroup;
			children = (
				80DED092152C8BB200E44862 /* ITFadder.app */,
			);
			name = Products;
			sourceTree = "<group>";
		};
		80DED095152C8BB200E44862 /* Frameworks */ = {
			isa = PBXGroup;
			children = (
				80DED096152C8BB200E44862 /* Foundation.framework */,
				80DED098152C8BB200E44862 /* UIKit.framework */,
				80DED09A152C8BB200E44862 /* CoreGraphics.framework */,
				80DED09C152C8BB200E44862 /* AddressBook.framework */,
				80DED09E152C8BB200E44862 /* AddressBookUI.framework */,
				80DED0A0152C8BB200E44862 /* AudioToolbox.framework */,
				80DED0A2152C8BB200E44862 /* AVFoundation.framework */,
				80DED0A4152C8BB200E44862 /* CoreLocation.framework */,
				80DED0A6152C8BB200E44862 /* MediaPlayer.framework */,
				80DED0A8152C8BB200E44862 /* QuartzCore.framework */,
				80DED0AA152C8BB200E44862 /* SystemConfiguration.framework */,
				80DED0AC152C8BB200E44862 /* MobileCoreServices.framework */,
				80DED0AE152C8BB200E44862 /* CoreMedia.framework */,
			);
			name = Frameworks;
			sourceTree = "<group>";
		};
		80DED0B0152C8BB200E44862 /* ITFadder */ = {
			isa = PBXGroup;
			children = (
				80DED0B9152C8BB200E44862 /* PhoneGap.framework */,
				80DED0BB152C8BB200E44862 /* Resources */,
				80DED0D4152C8BB200E44862 /* Classes */,
				80DED0DD152C8BB200E44862 /* Plugins */,
				80DED0B1152C8BB200E44862 /* Supporting Files */,
			);
			path = ITFadder;
			sourceTree = "<group>";
		};
		80DED0B1152C8BB200E44862 /* Supporting Files */ = {
			isa = PBXGroup;
			children = (
				80DED0B2152C8BB200E44862 /* ITFadder-Info.plist */,
				80DED0B3152C8BB200E44862 /* InfoPlist.strings */,
				80DED0B6152C8BB200E44862 /* main.m */,
				80DED0B8152C8BB200E44862 /* ITFadder-Prefix.pch */,
				80DED0D2152C8BB200E44862 /* PhoneGap.plist */,
				80DED0DB152C8BB200E44862 /* MainViewController.xib */,
			);
			name = "Supporting Files";
			sourceTree = "<group>";
		};
		80DED0BB152C8BB200E44862 /* Resources */ = {
			isa = PBXGroup;
			children = (
				80DED0D0152C8BB200E44862 /* Capture.bundle */,
				80DED0BC152C8BB200E44862 /* en.lproj */,
				80DED0C0152C8BB200E44862 /* es.lproj */,
				80DED0C4152C8BB200E44862 /* icons */,
				80DED0CB152C8BB200E44862 /* splash */,
			);
			name = Resources;
			sourceTree = "<group>";
		};
		80DED0BC152C8BB200E44862 /* en.lproj */ = {
			isa = PBXGroup;
			children = (
				80DED0BD152C8BB200E44862 /* Localizable.strings */,
			);
			name = en.lproj;
			sourceTree = "<group>";
		};
		80DED0C0152C8BB200E44862 /* es.lproj */ = {
			isa = PBXGroup;
			children = (
				80DED0C1152C8BB200E44862 /* Localizable.strings */,
			);
			name = es.lproj;
			sourceTree = "<group>";
		};
		80DED0C4152C8BB200E44862 /* icons */ = {
			isa = PBXGroup;
			children = (
				80DED0C5152C8BB200E44862 /* icon.png */,
				80DED0C7152C8BB200E44862 /* icon@2x.png */,
				80DED0C9152C8BB200E44862 /* icon-72.png */,
			);
			name = icons;
			sourceTree = "<group>";
		};
		80DED0CB152C8BB200E44862 /* splash */ = {
			isa = PBXGroup;
			children = (
				80DED0CC152C8BB200E44862 /* Default.png */,
				80DED0CE152C8BB200E44862 /* Default@2x.png */,
			);
			name = splash;
			sourceTree = "<group>";
		};
		80DED0D4152C8BB200E44862 /* Classes */ = {
			isa = PBXGroup;
			children = (
				80DED0D5152C8BB200E44862 /* AppDelegate.h */,
				80DED0D6152C8BB200E44862 /* AppDelegate.m */,
				80DED0D8152C8BB200E44862 /* MainViewController.h */,
				80DED0D9152C8BB200E44862 /* MainViewController.m */,
			);
			name = Classes;
			sourceTree = "<group>";
		};
		80DED0DD152C8BB200E44862 /* Plugins */ = {
			isa = PBXGroup;
			children = (
				80DED0DE152C8BB200E44862 /* README */,
			);
			name = Plugins;
			sourceTree = "<group>";
		};
/* End PBXGroup section */

/* Begin PBXNativeTarget section */
		80DED091152C8BB200E44862 /* ITFadder */ = {
			isa = PBXNativeTarget;
			buildConfigurationList = 80DED0E1152C8BB200E44862 /* Build configuration list for PBXNativeTarget "ITFadder" */;
			buildPhases = (
				80DED08B152C8BB200E44862 /* Sources */,
				80DED08C152C8BB200E44862 /* Frameworks */,
				80DED08D152C8BB200E44862 /* Resources */,
				80DED08E152C8BB200E44862 /* Sources */,
				80DED08F152C8BB200E44862 /* Frameworks */,
				80DED090152C8BB200E44862 /* ShellScript */,
			);
			buildRules = (
			);
			dependencies = (
			);
			name = ITFadder;
			productName = ITFadder;
			productReference = 80DED092152C8BB200E44862 /* ITFadder.app */;
			productType = "com.apple.product-type.application";
		};
/* End PBXNativeTarget section */

/* Begin PBXProject section */
		80DED086152C8BB200E44862 /* Project object */ = {
			isa = PBXProject;
			attributes = {
				LastUpgradeCheck = 0420;
			};
			buildConfigurationList = 80DED089152C8BB200E44862 /* Build configuration list for PBXProject "ITFadder" */;
			compatibilityVersion = "Xcode 3.2";
			developmentRegion = English;
			hasScannedForEncodings = 0;
			knownRegions = (
				en,
				es,
			);
			mainGroup = 80DED084152C8BB200E44862;
			productRefGroup = 80DED093152C8BB200E44862 /* Products */;
			projectDirPath = "";
			projectRoot = "";
			targets = (
				80DED091152C8BB200E44862 /* ITFadder */,
			);
		};
/* End PBXProject section */

/* Begin PBXResourcesBuildPhase section */
		80DED08D152C8BB200E44862 /* Resources */ = {
			isa = PBXResourcesBuildPhase;
			buildActionMask = 2147483647;
			files = (
				80DED0B5152C8BB200E44862 /* InfoPlist.strings in Resources */,
				80DED0BF152C8BB200E44862 /* Localizable.strings in Resources */,
				80DED0C3152C8BB200E44862 /* Localizable.strings in Resources */,
				80DED0C6152C8BB200E44862 /* icon.png in Resources */,
				80DED0C8152C8BB200E44862 /* icon@2x.png in Resources */,
				80DED0CA152C8BB200E44862 /* icon-72.png in Resources */,
				80DED0CD152C8BB200E44862 /* Default.png in Resources */,
				80DED0CF152C8BB200E44862 /* Default@2x.png in Resources */,
				80DED0D1152C8BB200E44862 /* Capture.bundle in Resources */,
				80DED0D3152C8BB200E44862 /* PhoneGap.plist in Resources */,
				80DED0DC152C8BB200E44862 /* MainViewController.xib in Resources */,
				80DED0E5152C8C0600E44862 /* www in Resources */,
			);
			runOnlyForDeploymentPostprocessing = 0;
		};
/* End PBXResourcesBuildPhase section */

/* Begin PBXShellScriptBuildPhase section */
		80DED090152C8BB200E44862 /* ShellScript */ = {
			isa = PBXShellScriptBuildPhase;
			buildActionMask = 2147483647;
			files = (
			);
			inputPaths = (
			);
			outputPaths = (
			);
			runOnlyForDeploymentPostprocessing = 0;
			shellPath = /bin/bash;
			shellScript = "\n\t\t\t\t\t\t\t\tif [ ! -d \"$PROJECT_DIR/www\" ] ; then\n\t\t\t\t\t\t\t\t\tcp -R /Users/Shared/PhoneGap/Frameworks/PhoneGap.framework/www \"$PROJECT_DIR\"\n\t\t\t\t\t\t\t\tfi\n\t\t\t\t\t\t\t\t# detect www folder reference in project, if missing, print warning\n\t\t\t\t\t\t\t\tgrep \"{isa = PBXFileReference; lastKnownFileType = folder; path = www; sourceTree = \\\"<group>\\\"; };\" \"$PROJECT_DIR/$PROJECT_NAME.xcodeproj/project.pbxproj\"\n\t\t\t\t\t\t\t\trc=$? \n\t\t\t\t\t\t\t\tif [ $rc != 0 ] ; then\n\t\t\t\t\t\t\t\techo -e \"warning: Missing - Add $PROJECT_DIR/www as a folder reference in your project. Just drag and drop the folder into your project, into the Project Navigator of Xcode 4. Make sure you select the second radio-button: 'Create folder references for any added folders' (which will create a blue folder)\" 1>&2\n\t\t\t\t\t\t\t\tfi\t\t\t\t\t\t\t";
		};
/* End PBXShellScriptBuildPhase section */

/* Begin PBXSourcesBuildPhase section */
		80DED08B152C8BB200E44862 /* Sources */ = {
			isa = PBXSourcesBuildPhase;
			buildActionMask = 2147483647;
			files = (
				80DED0B7152C8BB200E44862 /* main.m in Sources */,
				80DED0D7152C8BB200E44862 /* AppDelegate.m in Sources */,
				80DED0DA152C8BB200E44862 /* MainViewController.m in Sources */,
			);
			runOnlyForDeploymentPostprocessing = 0;
		};
		80DED08E152C8BB200E44862 /* Sources */ = {
			isa = PBXSourcesBuildPhase;
			buildActionMask = 2147483647;
			files = (
			);
			runOnlyForDeploymentPostprocessing = 0;
		};
/* End PBXSourcesBuildPhase section */

/* Begin PBXVariantGroup section */
		80DED0B3152C8BB200E44862 /* InfoPlist.strings */ = {
			isa = PBXVariantGroup;
			children = (
				80DED0B4152C8BB200E44862 /* en */,
			);
			name = InfoPlist.strings;
			sourceTree = "<group>";
		};
		80DED0BD152C8BB200E44862 /* Localizable.strings */ = {
			isa = PBXVariantGroup;
			children = (
				80DED0BE152C8BB200E44862 /* en */,
			);
			name = Localizable.strings;
			sourceTree = "<group>";
		};
		80DED0C1152C8BB200E44862 /* Localizable.strings */ = {
			isa = PBXVariantGroup;
			children = (
				80DED0C2152C8BB200E44862 /* es */,
			);
			name = Localizable.strings;
			sourceTree = "<group>";
		};
/* End PBXVariantGroup section */

/* Begin XCBuildConfiguration section */
		80DED0DF152C8BB200E44862 /* Debug */ = {
			isa = XCBuildConfiguration;
			buildSettings = {
				ALWAYS_SEARCH_USER_PATHS = NO;
				ARCHS = "$(ARCHS_STANDARD_32_BIT)";
				CLANG_ENABLE_OBJC_ARC = YES;
				"CODE_SIGN_IDENTITY[sdk=iphoneos*]" = "iPhone Developer";
				COPY_PHASE_STRIP = NO;
				GCC_C_LANGUAGE_STANDARD = gnu99;
				GCC_DYNAMIC_NO_PIC = NO;
				GCC_OPTIMIZATION_LEVEL = 0;
				GCC_PREPROCESSOR_DEFINITIONS = (
					"DEBUG=1",
					"$(inherited)",
				);
				GCC_SYMBOLS_PRIVATE_EXTERN = NO;
				GCC_VERSION = com.apple.compilers.llvmgcc42;
				GCC_WARN_ABOUT_MISSING_PROTOTYPES = YES;
				GCC_WARN_ABOUT_RETURN_TYPE = YES;
				GCC_WARN_UNUSED_VARIABLE = YES;
				IPHONEOS_DEPLOYMENT_TARGET = 3.0;
				SDKROOT = iphoneos;
			};
			name = Debug;
		};
		80DED0E0152C8BB200E44862 /* Release */ = {
			isa = XCBuildConfiguration;
			buildSettings = {
				ALWAYS_SEARCH_USER_PATHS = NO;
				ARCHS = "$(ARCHS_STANDARD_32_BIT)";
				CLANG_ENABLE_OBJC_ARC = YES;
				"CODE_SIGN_IDENTITY[sdk=iphoneos*]" = "iPhone Developer";
				COPY_PHASE_STRIP = YES;
				GCC_C_LANGUAGE_STANDARD = gnu99;
				GCC_VERSION = com.apple.compilers.llvmgcc42;
				GCC_WARN_ABOUT_MISSING_PROTOTYPES = YES;
				GCC_WARN_ABOUT_RETURN_TYPE = YES;
				GCC_WARN_UNUSED_VARIABLE = YES;
				IPHONEOS_DEPLOYMENT_TARGET = 3.0;
				SDKROOT = iphoneos;
				VALIDATE_PRODUCT = YES;
			};
			name = Release;
		};
		80DED0E2152C8BB200E44862 /* Debug */ = {
			isa = XCBuildConfiguration;
			buildSettings = {
				ALWAYS_SEARCH_USER_PATHS = YES;
				COPY_PHASE_STRIP = NO;
				FRAMEWORK_SEARCH_PATHS = /Users/Shared/PhoneGap/Frameworks;
				GCC_DYNAMIC_NO_PIC = NO;
				GCC_PRECOMPILE_PREFIX_HEADER = YES;
				GCC_PREFIX_HEADER = "ITFadder/ITFadder-Prefix.pch";
				GCC_PREPROCESSOR_DEFINITIONS = "PHONEGAP_FRAMEWORK=YES";
				INFOPLIST_FILE = "ITFadder/ITFadder-Info.plist";
				OTHER_LDFLAGS = (
					"-weak_framework",
					UIKit,
					"-weak_framework",
					AVFoundation,
					"-weak_framework",
					CoreMedia,
					"-weak_library",
					/usr/lib/libSystem.B.dylib,
				);
				PRODUCT_NAME = "$(TARGET_NAME)";
				TARGETED_DEVICE_FAMILY = "1,2";
				WRAPPER_EXTENSION = app;
			};
			name = Debug;
		};
		80DED0E3152C8BB200E44862 /* Release */ = {
			isa = XCBuildConfiguration;
			buildSettings = {
				ALWAYS_SEARCH_USER_PATHS = YES;
				COPY_PHASE_STRIP = YES;
				DEBUG_INFORMATION_FORMAT = "dwarf-with-dsym";
				FRAMEWORK_SEARCH_PATHS = /Users/Shared/PhoneGap/Frameworks;
				GCC_PRECOMPILE_PREFIX_HEADER = YES;
				GCC_PREFIX_HEADER = "ITFadder/ITFadder-Prefix.pch";
				GCC_PREPROCESSOR_DEFINITIONS = "PHONEGAP_FRAMEWORK=YES";
				INFOPLIST_FILE = "ITFadder/ITFadder-Info.plist";
				OTHER_LDFLAGS = (
					"-weak_framework",
					UIKit,
					"-weak_framework",
					AVFoundation,
					"-weak_framework",
					CoreMedia,
					"-weak_library",
					/usr/lib/libSystem.B.dylib,
				);
				PRODUCT_NAME = "$(TARGET_NAME)";
				TARGETED_DEVICE_FAMILY = "1,2";
				VALIDATE_PRODUCT = YES;
				WRAPPER_EXTENSION = app;
			};
			name = Release;
		};
/* End XCBuildConfiguration section */

/* Begin XCConfigurationList section */
		80DED089152C8BB200E44862 /* Build configuration list for PBXProject "ITFadder" */ = {
			isa = XCConfigurationList;
			buildConfigurations = (
				80DED0DF152C8BB200E44862 /* Debug */,
				80DED0E0152C8BB200E44862 /* Release */,
			);
			defaultConfigurationIsVisible = 0;
			defaultConfigurationName = Release;
		};
		80DED0E1152C8BB200E44862 /* Build configuration list for PBXNativeTarget "ITFadder" */ = {
			isa = XCConfigurationList;
			buildConfigurations = (
				80DED0E2152C8BB200E44862 /* Debug */,
				80DED0E3152C8BB200E44862 /* Release */,
			);
			defaultConfigurationIsVisible = 0;
		};
/* End XCConfigurationList section */
	};
	rootObject = 80DED086152C8BB200E44862 /* Project object */;
}
